// !$*UTF8*$!
{
	archiveVersion = 1;
	classes = {
	};
	objectVersion = 55;
	objects = {

/* Begin PBXBuildFile section */
		BD9AA89E27BD091700AABE79 /* MainView.xib in Resources */ = {isa = PBXBuildFile; fileRef = BD9AA89D27BD091700AABE79 /* MainView.xib */; };
		BD9AA8A127BD0A8500AABE79 /* AssemblyBuilder.swift in Sources */ = {isa = PBXBuildFile; fileRef = BD9AA8A027BD0A8500AABE79 /* AssemblyBuilder.swift */; };
		BDDF38F727BC37C500C4648A /* AppDelegate.swift in Sources */ = {isa = PBXBuildFile; fileRef = BDDF38F627BC37C500C4648A /* AppDelegate.swift */; };
		BDDF38F927BC37C500C4648A /* SceneDelegate.swift in Sources */ = {isa = PBXBuildFile; fileRef = BDDF38F827BC37C500C4648A /* SceneDelegate.swift */; };
		BDDF38FB27BC37C500C4648A /* MainViewController.swift in Sources */ = {isa = PBXBuildFile; fileRef = BDDF38FA27BC37C500C4648A /* MainViewController.swift */; };
		BDDF390027BC37C700C4648A /* Assets.xcassets in Resources */ = {isa = PBXBuildFile; fileRef = BDDF38FF27BC37C700C4648A /* Assets.xcassets */; };
		BDDF390327BC37C700C4648A /* LaunchScreen.storyboard in Resources */ = {isa = PBXBuildFile; fileRef = BDDF390127BC37C700C4648A /* LaunchScreen.storyboard */; };
		BDDF390B27BC3CA700C4648A /* Person.swift in Sources */ = {isa = PBXBuildFile; fileRef = BDDF390A27BC3CA700C4648A /* Person.swift */; };
		BDDF390D27BC3CF800C4648A /* MainPresenter.swift in Sources */ = {isa = PBXBuildFile; fileRef = BDDF390C27BC3CF800C4648A /* MainPresenter.swift */; };
/* End PBXBuildFile section */

/* Begin PBXFileReference section */
		BD9AA89D27BD091700AABE79 /* MainView.xib */ = {isa = PBXFileReference; lastKnownFileType = file.xib; path = MainView.xib; sourceTree = "<group>"; };
		BD9AA8A027BD0A8500AABE79 /* AssemblyBuilder.swift */ = {isa = PBXFileReference; lastKnownFileType = sourcecode.swift; path = AssemblyBuilder.swift; sourceTree = "<group>"; };
		BDDF38F327BC37C500C4648A /* mvpSwiftDevelopersTutorial.app */ = {isa = PBXFileReference; explicitFileType = wrapper.application; includeInIndex = 0; path = mvpSwiftDevelopersTutorial.app; sourceTree = BUILT_PRODUCTS_DIR; };
		BDDF38F627BC37C500C4648A /* AppDelegate.swift */ = {isa = PBXFileReference; lastKnownFileType = sourcecode.swift; path = AppDelegate.swift; sourceTree = "<group>"; };
		BDDF38F827BC37C500C4648A /* SceneDelegate.swift */ = {isa = PBXFileReference; lastKnownFileType = sourcecode.swift; path = SceneDelegate.swift; sourceTree = "<group>"; };
		BDDF38FA27BC37C500C4648A /* MainViewController.swift */ = {isa = PBXFileReference; lastKnownFileType = sourcecode.swift; path = MainViewController.swift; sourceTree = "<group>"; };
		BDDF38FF27BC37C700C4648A /* Assets.xcassets */ = {isa = PBXFileReference; lastKnownFileType = folder.assetcatalog; path = Assets.xcassets; sourceTree = "<group>"; };
		BDDF390227BC37C700C4648A /* Base */ = {isa = PBXFileReference; lastKnownFileType = file.storyboard; name = Base; path = Base.lproj/LaunchScreen.storyboard; sourceTree = "<group>"; };
		BDDF390427BC37C700C4648A /* Info.plist */ = {isa = PBXFileReference; lastKnownFileType = text.plist.xml; path = Info.plist; sourceTree = "<group>"; };
		BDDF390A27BC3CA700C4648A /* Person.swift */ = {isa = PBXFileReference; lastKnownFileType = sourcecode.swift; path = Person.swift; sourceTree = "<group>"; };
		BDDF390C27BC3CF800C4648A /* MainPresenter.swift */ = {isa = PBXFileReference; lastKnownFileType = sourcecode.swift; path = MainPresenter.swift; sourceTree = "<group>"; };
/* End PBXFileReference section */

/* Begin PBXFrameworksBuildPhase section */
		BDDF38F027BC37C500C4648A /* Frameworks */ = {
			isa = PBXFrameworksBuildPhase;
			buildActionMask = 2147483647;
			files = (
			);
			runOnlyForDeploymentPostprocessing = 0;
		};
/* End PBXFrameworksBuildPhase section */

/* Begin PBXGroup section */
		BD9AA89727BD07DC00AABE79 /* MainModule */ = {
			isa = PBXGroup;
			children = (
				BD9AA89A27BD080300AABE79 /* model */,
				BD9AA89827BD07EB00AABE79 /* view */,
				BD9AA89927BD07F600AABE79 /* presenter */,
			);
			path = MainModule;
			sourceTree = "<group>";
		};
		BD9AA89827BD07EB00AABE79 /* view */ = {
			isa = PBXGroup;
			children = (
				BDDF38FA27BC37C500C4648A /* MainViewController.swift */,
				BD9AA89D27BD091700AABE79 /* MainView.xib */,
			);
			path = view;
			sourceTree = "<group>";
		};
		BD9AA89927BD07F600AABE79 /* presenter */ = {
			isa = PBXGroup;
			children = (
				BDDF390C27BC3CF800C4648A /* MainPresenter.swift */,
			);
			path = presenter;
			sourceTree = "<group>";
		};
		BD9AA89A27BD080300AABE79 /* model */ = {
			isa = PBXGroup;
			children = (
				BDDF390A27BC3CA700C4648A /* Person.swift */,
			);
			path = model;
			sourceTree = "<group>";
		};
		BD9AA89F27BD0A5F00AABE79 /* Builder */ = {
			isa = PBXGroup;
			children = (
				BD9AA8A027BD0A8500AABE79 /* AssemblyBuilder.swift */,
			);
			path = Builder;
			sourceTree = "<group>";
		};
		BDDF38EA27BC37C500C4648A = {
			isa = PBXGroup;
			children = (
				BDDF38F527BC37C500C4648A /* mvpSwiftDevelopersTutorial */,
				BDDF38F427BC37C500C4648A /* Products */,
			);
			sourceTree = "<group>";
		};
		BDDF38F427BC37C500C4648A /* Products */ = {
			isa = PBXGroup;
			children = (
				BDDF38F327BC37C500C4648A /* mvpSwiftDevelopersTutorial.app */,
			);
			name = Products;
			sourceTree = "<group>";
		};
		BDDF38F527BC37C500C4648A /* mvpSwiftDevelopersTutorial */ = {
			isa = PBXGroup;
			children = (
				BDDF38F627BC37C500C4648A /* AppDelegate.swift */,
				BDDF38F827BC37C500C4648A /* SceneDelegate.swift */,
				BD9AA89F27BD0A5F00AABE79 /* Builder */,
				BD9AA89727BD07DC00AABE79 /* MainModule */,
				BDDF38FF27BC37C700C4648A /* Assets.xcassets */,
				BDDF390127BC37C700C4648A /* LaunchScreen.storyboard */,
				BDDF390427BC37C700C4648A /* Info.plist */,
			);
			path = mvpSwiftDevelopersTutorial;
			sourceTree = "<group>";
		};
/* End PBXGroup section */

/* Begin PBXNativeTarget section */
		BDDF38F227BC37C500C4648A /* mvpSwiftDevelopersTutorial */ = {
			isa = PBXNativeTarget;
			buildConfigurationList = BDDF390727BC37C700C4648A /* Build configuration list for PBXNativeTarget "mvpSwiftDevelopersTutorial" */;
			buildPhases = (
				BDDF38EF27BC37C500C4648A /* Sources */,
				BDDF38F027BC37C500C4648A /* Frameworks */,
				BDDF38F127BC37C500C4648A /* Resources */,
			);
			buildRules = (
			);
			dependencies = (
			);
			name = mvpSwiftDevelopersTutorial;
			productName = mvpSwiftDevelopersTutorial;
			productReference = BDDF38F327BC37C500C4648A /* mvpSwiftDevelopersTutorial.app */;
			productType = "com.apple.product-type.application";
		};
/* End PBXNativeTarget section */

/* Begin PBXProject section */
		BDDF38EB27BC37C500C4648A /* Project object */ = {
			isa = PBXProject;
			attributes = {
				BuildIndependentTargetsInParallel = 1;
				LastSwiftUpdateCheck = 1310;
				LastUpgradeCheck = 1310;
				TargetAttributes = {
					BDDF38F227BC37C500C4648A = {
						CreatedOnToolsVersion = 13.1;
					};
				};
			};
			buildConfigurationList = BDDF38EE27BC37C500C4648A /* Build configuration list for PBXProject "mvpSwiftDevelopersTutorial" */;
			compatibilityVersion = "Xcode 13.0";
			developmentRegion = en;
			hasScannedForEncodings = 0;
			knownRegions = (
				en,
				Base,
			);
			mainGroup = BDDF38EA27BC37C500C4648A;
			productRefGroup = BDDF38F427BC37C500C4648A /* Products */;
			projectDirPath = "";
			projectRoot = "";
			targets = (
				BDDF38F227BC37C500C4648A /* mvpSwiftDevelopersTutorial */,
			);
		};
/* End PBXProject section */

/* Begin PBXResourcesBuildPhase section */
		BDDF38F127BC37C500C4648A /* Resources */ = {
			isa = PBXResourcesBuildPhase;
			buildActionMask = 2147483647;
			files = (
				BD9AA89E27BD091700AABE79 /* MainView.xib in Resources */,
				BDDF390327BC37C700C4648A /* LaunchScreen.storyboard in Resources */,
				BDDF390027BC37C700C4648A /* Assets.xcassets in Resources */,
			);
			runOnlyForDeploymentPostprocessing = 0;
		};
/* End PBXResourcesBuildPhase section */

/* Begin PBXSourcesBuildPhase section */
		BDDF38EF27BC37C500C4648A /* Sources */ = {
			isa = PBXSourcesBuildPhase;
			buildActionMask = 2147483647;
			files = (
				BDDF390D27BC3CF800C4648A /* MainPresenter.swift in Sources */,
				BDDF38FB27BC37C500C4648A /* MainViewController.swift in Sources */,
				BDDF38F727BC37C500C4648A /* AppDelegate.swift in Sources */,
				BD9AA8A127BD0A8500AABE79 /* AssemblyBuilder.swift in Sources */,
				BDDF390B27BC3CA700C4648A /* Person.swift in Sources */,
				BDDF38F927BC37C500C4648A /* SceneDelegate.swift in Sources */,
			);
			runOnlyForDeploymentPostprocessing = 0;
		};
/* End PBXSourcesBuildPhase section */

/* Begin PBXVariantGroup section */
		BDDF390127BC37C700C4648A /* LaunchScreen.storyboard */ = {
			isa = PBXVariantGroup;
			children = (
				BDDF390227BC37C700C4648A /* Base */,
			);
			name = LaunchScreen.storyboard;
			sourceTree = "<group>";
		};
/* End PBXVariantGroup section */

/* Begin XCBuildConfiguration section */
		BDDF390527BC37C700C4648A /* Debug */ = {
			isa = XCBuildConfiguration;
			buildSettings = {
				ALWAYS_SEARCH_USER_PATHS = NO;
				CLANG_ANALYZER_NONNULL = YES;
				CLANG_ANALYZER_NUMBER_OBJECT_CONVERSION = YES_AGGRESSIVE;
				CLANG_CXX_LANGUAGE_STANDARD = "gnu++17";
				CLANG_CXX_LIBRARY = "libc++";
				CLANG_ENABLE_MODULES = YES;
				CLANG_ENABLE_OBJC_ARC = YES;
				CLANG_ENABLE_OBJC_WEAK = YES;
				CLANG_WARN_BLOCK_CAPTURE_AUTORELEASING = YES;
				CLANG_WARN_BOOL_CONVERSION = YES;
				CLANG_WARN_COMMA = YES;
				CLANG_WARN_CONSTANT_CONVERSION = YES;
				CLANG_WARN_DEPRECATED_OBJC_IMPLEMENTATIONS = YES;
				CLANG_WARN_DIRECT_OBJC_ISA_USAGE = YES_ERROR;
				CLANG_WARN_DOCUMENTATION_COMMENTS = YES;
				CLANG_WARN_EMPTY_BODY = YES;
				CLANG_WARN_ENUM_CONVERSION = YES;
				CLANG_WARN_INFINITE_RECURSION = YES;
				CLANG_WARN_INT_CONVERSION = YES;
				CLANG_WARN_NON_LITERAL_NULL_CONVERSION = YES;
				CLANG_WARN_OBJC_IMPLICIT_RETAIN_SELF = YES;
				CLANG_WARN_OBJC_LITERAL_CONVERSION = YES;
				CLANG_WARN_OBJC_ROOT_CLASS = YES_ERROR;
				CLANG_WARN_QUOTED_INCLUDE_IN_FRAMEWORK_HEADER = YES;
				CLANG_WARN_RANGE_LOOP_ANALYSIS = YES;
				CLANG_WARN_STRICT_PROTOTYPES = YES;
				CLANG_WARN_SUSPICIOUS_MOVE = YES;
				CLANG_WARN_UNGUARDED_AVAILABILITY = YES_AGGRESSIVE;
				CLANG_WARN_UNREACHABLE_CODE = YES;
				CLANG_WARN__DUPLICATE_METHOD_MATCH = YES;
				COPY_PHASE_STRIP = NO;
				DEBUG_INFORMATION_FORMAT = dwarf;
				ENABLE_STRICT_OBJC_MSGSEND = YES;
				ENABLE_TESTABILITY = YES;
				GCC_C_LANGUAGE_STANDARD = gnu11;
				GCC_DYNAMIC_NO_PIC = NO;
				GCC_NO_COMMON_BLOCKS = YES;
				GCC_OPTIMIZATION_LEVEL = 0;
				GCC_PREPROCESSOR_DEFINITIONS = (
					"DEBUG=1",
					"$(inherited)",
				);
				GCC_WARN_64_TO_32_BIT_CONVERSION = YES;
				GCC_WARN_ABOUT_RETURN_TYPE = YES_ERROR;
				GCC_WARN_UNDECLARED_SELECTOR = YES;
				GCC_WARN_UNINITIALIZED_AUTOS = YES_AGGRESSIVE;
				GCC_WARN_UNUSED_FUNCTION = YES;
				GCC_WARN_UNUSED_VARIABLE = YES;
				IPHONEOS_DEPLOYMENT_TARGET = 15.0;
				MTL_ENABLE_DEBUG_INFO = INCLUDE_SOURCE;
				MTL_FAST_MATH = YES;
				ONLY_ACTIVE_ARCH = YES;
				SDKROOT = iphoneos;
				SWIFT_ACTIVE_COMPILATION_CONDITIONS = DEBUG;
				SWIFT_OPTIMIZATION_LEVEL = "-Onone";
			};
			name = Debug;
		};
		BDDF390627BC37C700C4648A /* Release */ = {
			isa = XCBuildConfiguration;
			buildSettings = {
				ALWAYS_SEARCH_USER_PATHS = NO;
				CLANG_ANALYZER_NONNULL = YES;
				CLANG_ANALYZER_NUMBER_OBJECT_CONVERSION = YES_AGGRESSIVE;
				CLANG_CXX_LANGUAGE_STANDARD = "gnu++17";
				CLANG_CXX_LIBRARY = "libc++";
				CLANG_ENABLE_MODULES = YES;
				CLANG_ENABLE_OBJC_ARC = YES;
				CLANG_ENABLE_OBJC_WEAK = YES;
				CLANG_WARN_BLOCK_CAPTURE_AUTORELEASING = YES;
				CLANG_WARN_BOOL_CONVERSION = YES;
				CLANG_WARN_COMMA = YES;
				CLANG_WARN_CONSTANT_CONVERSION = YES;
				CLANG_WARN_DEPRECATED_OBJC_IMPLEMENTATIONS = YES;
				CLANG_WARN_DIRECT_OBJC_ISA_USAGE = YES_ERROR;
				CLANG_WARN_DOCUMENTATION_COMMENTS = YES;
				CLANG_WARN_EMPTY_BODY = YES;
				CLANG_WARN_ENUM_CONVERSION = YES;
				CLANG_WARN_INFINITE_RECURSION = YES;
				CLANG_WARN_INT_CONVERSION = YES;
				CLANG_WARN_NON_LITERAL_NULL_CONVERSION = YES;
				CLANG_WARN_OBJC_IMPLICIT_RETAIN_SELF = YES;
				CLANG_WARN_OBJC_LITERAL_CONVERSION = YES;
				CLANG_WARN_OBJC_ROOT_CLASS = YES_ERROR;
				CLANG_WARN_QUOTED_INCLUDE_IN_FRAMEWORK_HEADER = YES;
				CLANG_WARN_RANGE_LOOP_ANALYSIS = YES;
				CLANG_WARN_STRICT_PROTOTYPES = YES;
				CLANG_WARN_SUSPICIOUS_MOVE = YES;
				CLANG_WARN_UNGUARDED_AVAILABILITY = YES_AGGRESSIVE;
				CLANG_WARN_UNREACHABLE_CODE = YES;
				CLANG_WARN__DUPLICATE_METHOD_MATCH = YES;
				COPY_PHASE_STRIP = NO;
				DEBUG_INFORMATION_FORMAT = "dwarf-with-dsym";
				ENABLE_NS_ASSERTIONS = NO;
				ENABLE_STRICT_OBJC_MSGSEND = YES;
				GCC_C_LANGUAGE_STANDARD = gnu11;
				GCC_NO_COMMON_BLOCKS = YES;
				GCC_WARN_64_TO_32_BIT_CONVERSION = YES;
				GCC_WARN_ABOUT_RETURN_TYPE = YES_ERROR;
				GCC_WARN_UNDECLARED_SELECTOR = YES;
				GCC_WARN_UNINITIALIZED_AUTOS = YES_AGGRESSIVE;
				GCC_WARN_UNUSED_FUNCTION = YES;
				GCC_WARN_UNUSED_VARIABLE = YES;
				IPHONEOS_DEPLOYMENT_TARGET = 15.0;
				MTL_ENABLE_DEBUG_INFO = NO;
				MTL_FAST_MATH = YES;
				SDKROOT = iphoneos;
				SWIFT_COMPILATION_MODE = wholemodule;
				SWIFT_OPTIMIZATION_LEVEL = "-O";
				VALIDATE_PRODUCT = YES;
			};
			name = Release;
		};
		BDDF390827BC37C700C4648A /* Debug */ = {
			isa = XCBuildConfiguration;
			buildSettings = {
				ASSETCATALOG_COMPILER_APPICON_NAME = AppIcon;
				ASSETCATALOG_COMPILER_GLOBAL_ACCENT_COLOR_NAME = AccentColor;
				CODE_SIGN_STYLE = Automatic;
				CURRENT_PROJECT_VERSION = 1;
				DEVELOPMENT_TEAM = YPXDVQFQ53;
				GENERATE_INFOPLIST_FILE = YES;
				INFOPLIST_FILE = mvpSwiftDevelopersTutorial/Info.plist;
				INFOPLIST_KEY_UIApplicationSupportsIndirectInputEvents = YES;
				INFOPLIST_KEY_UILaunchStoryboardName = LaunchScreen;
				INFOPLIST_KEY_UISupportedInterfaceOrientations_iPad = "UIInterfaceOrientationPortrait UIInterfaceOrientationPortraitUpsideDown UIInterfaceOrientationLandscapeLeft UIInterfaceOrientationLandscapeRight";
				INFOPLIST_KEY_UISupportedInterfaceOrientations_iPhone = "UIInterfaceOrientationPortrait UIInterfaceOrientationLandscapeLeft UIInterfaceOrientationLandscapeRight";
				LD_RUNPATH_SEARCH_PATHS = (
					"$(inherited)",
					"@executable_path/Frameworks",
				);
				MARKETING_VERSION = 1.0;
				PRODUCT_BUNDLE_IDENTIFIER = fedir72.mvpSwiftDevelopersTutorial;
				PRODUCT_NAME = "$(TARGET_NAME)";
				SWIFT_EMIT_LOC_STRINGS = YES;
				SWIFT_VERSION = 5.0;
				TARGETED_DEVICE_FAMILY = "1,2";
			};
			name = Debug;
		};
		BDDF390927BC37C700C4648A /* Release */ = {
			isa = XCBuildConfiguration;
			buildSettings = {
				ASSETCATALOG_COMPILER_APPICON_NAME = AppIcon;
				ASSETCATALOG_COMPILER_GLOBAL_ACCENT_COLOR_NAME = AccentColor;
				CODE_SIGN_STYLE = Automatic;
				CURRENT_PROJECT_VERSION = 1;
				DEVELOPMENT_TEAM = YPXDVQFQ53;
				GENERATE_INFOPLIST_FILE = YES;
				INFOPLIST_FILE = mvpSwiftDevelopersTutorial/Info.plist;
				INFOPLIST_KEY_UIApplicationSupportsIndirectInputEvents = YES;
				INFOPLIST_KEY_UILaunchStoryboardName = LaunchScreen;
				INFOPLIST_KEY_UISupportedInterfaceOrientations_iPad = "UIInterfaceOrientationPortrait UIInterfaceOrientationPortraitUpsideDown UIInterfaceOrientationLandscapeLeft UIInterfaceOrientationLandscapeRight";
				INFOPLIST_KEY_UISupportedInterfaceOrientations_iPhone = "UIInterfaceOrientationPortrait UIInterfaceOrientationLandscapeLeft UIInterfaceOrientationLandscapeRight";
				LD_RUNPATH_SEARCH_PATHS = (
					"$(inherited)",
					"@executable_path/Frameworks",
				);
				MARKETING_VERSION = 1.0;
				PRODUCT_BUNDLE_IDENTIFIER = fedir72.mvpSwiftDevelopersTutorial;
				PRODUCT_NAME = "$(TARGET_NAME)";
				SWIFT_EMIT_LOC_STRINGS = YES;
				SWIFT_VERSION = 5.0;
				TARGETED_DEVICE_FAMILY = "1,2";
			};
			name = Release;
		};
/* End XCBuildConfiguration section */

/* Begin XCConfigurationList section */
		BDDF38EE27BC37C500C4648A /* Build configuration list for PBXProject "mvpSwiftDevelopersTutorial" */ = {
			isa = XCConfigurationList;
			buildConfigurations = (
				BDDF390527BC37C700C4648A /* Debug */,
				BDDF390627BC37C700C4648A /* Release */,
			);
			defaultConfigurationIsVisible = 0;
			defaultConfigurationName = Release;
		};
		BDDF390727BC37C700C4648A /* Build configuration list for PBXNativeTarget "mvpSwiftDevelopersTutorial" */ = {
			isa = XCConfigurationList;
			buildConfigurations = (
				BDDF390827BC37C700C4648A /* Debug */,
				BDDF390927BC37C700C4648A /* Release */,
			);
			defaultConfigurationIsVisible = 0;
			defaultConfigurationName = Release;
		};
/* End XCConfigurationList section */
	};
	rootObject = BDDF38EB27BC37C500C4648A /* Project object */;
}
